PODS:
  - ObjectMapper (3.3.0)
  - QorumLogs (0.9)
  - RxBlocking (4.3.0):
    - RxSwift (~> 4.0)
  - RxCocoa (4.3.0):
    - RxSwift (~> 4.0)
  - RxSwift (4.3.0)
  - RxSwiftExt (3.3.0):
    - RxSwiftExt/Core (= 3.3.0)
  - RxSwiftExt/Core (3.3.0):
    - RxSwift (~> 4.0)
  - RxTest (4.3.0):
    - RxSwift (~> 4.0)
  - Swinject (2.5.0)

DEPENDENCIES:
  - ObjectMapper (~> 3.3)
  - QorumLogs (~> 0.9)
  - RxBlocking (~> 4.3)
  - RxCocoa (~> 4.3)
  - RxSwift (~> 4.3)
  - RxSwiftExt (~> 3.3)
  - RxTest (~> 4.3)
  - Swinject (~> 2.5)

SPEC CHECKSUMS:
  ObjectMapper: b612bf8c8e99c4dc0bb6013a51f7c27966ed5da9
  QorumLogs: 9a484df6973a3697ac79fe2273140fde6b36dccc
  RxBlocking: ab8b3ac2aa5d030146fe3a3e7916d8efa202beae
  RxCocoa: 71b9cce833fbcb89a8eec11816dd225830c2bd3c
  RxSwift: a9717a34df3179fe63563f76e046ad345078dd3a
  RxSwiftExt: 81afb48ab0602f503147417baeb3989d64c7687d
  RxTest: 831444848ac3c5efdd7d80ff5dc4b50ba08877a9
  Swinject: 82cdb851f63f91bba974e3eca1d69780f2f7677e

PODFILE CHECKSUM: 50834eda7113eee4dcc8df3e20f3e74f5de8cf8e

COCOAPODS: 1.4.0
